
Microsoft Visual Studio Solution File, Format Version 12.00
# Visual Studio Version 16
VisualStudioVersion = 16.0.30413.136
MinimumVisualStudioVersion = 10.0.40219.1
Project("{888888A0-9F3D-457C-B088-3A5042F75D52}") = "Kamen_bumaga_nosznici", "Kamen_bumaga_nosznici\Kamen_bumaga_nosznici.pyproj", "{3E76EE74-5820-4C44-83A5-FA095FA269BC}"
EndProject
Global
	GlobalSection(SolutionConfigurationPlatforms) = preSolution
		Debug|Any CPU = Debug|Any CPU
		Release|Any CPU = Release|Any CPU
	EndGlobalSection
	GlobalSection(ProjectConfigurationPlatforms) = postSolution
		{3E76EE74-5820-4C44-83A5-FA095FA269BC}.Debug|Any CPU.ActiveCfg = Debug|Any CPU
		{3E76EE74-5820-4C44-83A5-FA095FA269BC}.Release|Any CPU.ActiveCfg = Release|Any CPU
	EndGlobalSection
	GlobalSection(SolutionProperties) = preSolution
		HideSolutionNode = FALSE
	EndGlobalSection
	GlobalSection(ExtensibilityGlobals) = postSolution
		SolutionGuid = {1571C362-2050-45E1-A9C5-6B23C673AE50}
	EndGlobalSection
EndGlobal
